// !$*UTF8*$!
{
	archiveVersion = 1;
	classes = {
	};
	objectVersion = 50;
	objects = {

/* Begin PBXBuildFile section */
		7D20FC5824AA4F8E00062AC4 /* AppDelegate.swift in Sources */ = {isa = PBXBuildFile; fileRef = 7D20FC5724AA4F8E00062AC4 /* AppDelegate.swift */; };
		7D20FC5A24AA4F8E00062AC4 /* SceneDelegate.swift in Sources */ = {isa = PBXBuildFile; fileRef = 7D20FC5924AA4F8E00062AC4 /* SceneDelegate.swift */; };
		7D20FC5C24AA4F8E00062AC4 /* ViewController.swift in Sources */ = {isa = PBXBuildFile; fileRef = 7D20FC5B24AA4F8E00062AC4 /* ViewController.swift */; };
		7D20FC5F24AA4F8E00062AC4 /* Main.storyboard in Resources */ = {isa = PBXBuildFile; fileRef = 7D20FC5D24AA4F8E00062AC4 /* Main.storyboard */; };
		7D20FC6124AA4F9100062AC4 /* Assets.xcassets in Resources */ = {isa = PBXBuildFile; fileRef = 7D20FC6024AA4F9100062AC4 /* Assets.xcassets */; };
		7D20FC6424AA4F9100062AC4 /* LaunchScreen.storyboard in Resources */ = {isa = PBXBuildFile; fileRef = 7D20FC6224AA4F9100062AC4 /* LaunchScreen.storyboard */; };
		7D20FC6D24AA543700062AC4 /* MuxCore.framework in Frameworks */ = {isa = PBXBuildFile; fileRef = 7D20FC6B24AA543700062AC4 /* MuxCore.framework */; };
		7D20FC6E24AA543700062AC4 /* MUXSDKStats.framework in Frameworks */ = {isa = PBXBuildFile; fileRef = 7D20FC6C24AA543700062AC4 /* MUXSDKStats.framework */; };
/* End PBXBuildFile section */

/* Begin PBXFileReference section */
		7D20FC5424AA4F8E00062AC4 /* Carthage-muxstats.app */ = {isa = PBXFileReference; explicitFileType = wrapper.application; includeInIndex = 0; path = "Carthage-muxstats.app"; sourceTree = BUILT_PRODUCTS_DIR; };
		7D20FC5724AA4F8E00062AC4 /* AppDelegate.swift */ = {isa = PBXFileReference; lastKnownFileType = sourcecode.swift; path = AppDelegate.swift; sourceTree = "<group>"; };
		7D20FC5924AA4F8E00062AC4 /* SceneDelegate.swift */ = {isa = PBXFileReference; lastKnownFileType = sourcecode.swift; path = SceneDelegate.swift; sourceTree = "<group>"; };
		7D20FC5B24AA4F8E00062AC4 /* ViewController.swift */ = {isa = PBXFileReference; lastKnownFileType = sourcecode.swift; path = ViewController.swift; sourceTree = "<group>"; };
		7D20FC5E24AA4F8E00062AC4 /* Base */ = {isa = PBXFileReference; lastKnownFileType = file.storyboard; name = Base; path = Base.lproj/Main.storyboard; sourceTree = "<group>"; };
		7D20FC6024AA4F9100062AC4 /* Assets.xcassets */ = {isa = PBXFileReference; lastKnownFileType = folder.assetcatalog; path = Assets.xcassets; sourceTree = "<group>"; };
		7D20FC6324AA4F9100062AC4 /* Base */ = {isa = PBXFileReference; lastKnownFileType = file.storyboard; name = Base; path = Base.lproj/LaunchScreen.storyboard; sourceTree = "<group>"; };
		7D20FC6524AA4F9100062AC4 /* Info.plist */ = {isa = PBXFileReference; lastKnownFileType = text.plist.xml; path = Info.plist; sourceTree = "<group>"; };
		7D20FC6B24AA543700062AC4 /* MuxCore.framework */ = {isa = PBXFileReference; lastKnownFileType = wrapper.framework; name = MuxCore.framework; path = Carthage/Build/iOS/MuxCore.framework; sourceTree = "<group>"; };
		7D20FC6C24AA543700062AC4 /* MUXSDKStats.framework */ = {isa = PBXFileReference; lastKnownFileType = wrapper.framework; name = MUXSDKStats.framework; path = Carthage/Build/iOS/MUXSDKStats.framework; sourceTree = "<group>"; };
/* End PBXFileReference section */

/* Begin PBXFrameworksBuildPhase section */
		7D20FC5124AA4F8E00062AC4 /* Frameworks */ = {
			isa = PBXFrameworksBuildPhase;
			buildActionMask = 2147483647;
			files = (
				7D20FC6E24AA543700062AC4 /* MUXSDKStats.framework in Frameworks */,
				7D20FC6D24AA543700062AC4 /* MuxCore.framework in Frameworks */,
			);
			runOnlyForDeploymentPostprocessing = 0;
		};
/* End PBXFrameworksBuildPhase section */

/* Begin PBXGroup section */
		7D20FC4B24AA4F8D00062AC4 = {
			isa = PBXGroup;
			children = (
				7D20FC5624AA4F8E00062AC4 /* Carthage-muxstats */,
				7D20FC5524AA4F8E00062AC4 /* Products */,
				7D20FC6B24AA543700062AC4 /* MuxCore.framework */,
				7D20FC6C24AA543700062AC4 /* MUXSDKStats.framework */,
			);
			sourceTree = "<group>";
		};
		7D20FC5524AA4F8E00062AC4 /* Products */ = {
			isa = PBXGroup;
			children = (
				7D20FC5424AA4F8E00062AC4 /* Carthage-muxstats.app */,
			);
			name = Products;
			sourceTree = "<group>";
		};
		7D20FC5624AA4F8E00062AC4 /* Carthage-muxstats */ = {
			isa = PBXGroup;
			children = (
				7D20FC5724AA4F8E00062AC4 /* AppDelegate.swift */,
				7D20FC5924AA4F8E00062AC4 /* SceneDelegate.swift */,
				7D20FC5B24AA4F8E00062AC4 /* ViewController.swift */,
				7D20FC5D24AA4F8E00062AC4 /* Main.storyboard */,
				7D20FC6024AA4F9100062AC4 /* Assets.xcassets */,
				7D20FC6224AA4F9100062AC4 /* LaunchScreen.storyboard */,
				7D20FC6524AA4F9100062AC4 /* Info.plist */,
			);
			path = "Carthage-muxstats";
			sourceTree = "<group>";
		};
/* End PBXGroup section */

/* Begin PBXNativeTarget section */
		7D20FC5324AA4F8E00062AC4 /* Carthage-muxstats */ = {
			isa = PBXNativeTarget;
			buildConfigurationList = 7D20FC6824AA4F9100062AC4 /* Build configuration list for PBXNativeTarget "Carthage-muxstats" */;
			buildPhases = (
				7D20FC5024AA4F8E00062AC4 /* Sources */,
				7D20FC5124AA4F8E00062AC4 /* Frameworks */,
				7D20FC5224AA4F8E00062AC4 /* Resources */,
				7D20FC6F24AA545A00062AC4 /* ShellScript */,
			);
			buildRules = (
			);
			dependencies = (
			);
			name = "Carthage-muxstats";
			productName = "Carthage-muxstats";
			productReference = 7D20FC5424AA4F8E00062AC4 /* Carthage-muxstats.app */;
			productType = "com.apple.product-type.application";
		};
/* End PBXNativeTarget section */

/* Begin PBXProject section */
		7D20FC4C24AA4F8D00062AC4 /* Project object */ = {
			isa = PBXProject;
			attributes = {
				LastSwiftUpdateCheck = 1140;
				LastUpgradeCheck = 1140;
				ORGANIZATIONNAME = Borkware;
				TargetAttributes = {
					7D20FC5324AA4F8E00062AC4 = {
						CreatedOnToolsVersion = 11.4.1;
					};
				};
			};
			buildConfigurationList = 7D20FC4F24AA4F8D00062AC4 /* Build configuration list for PBXProject "Carthage-muxstats" */;
			compatibilityVersion = "Xcode 9.3";
			developmentRegion = en;
			hasScannedForEncodings = 0;
			knownRegions = (
				en,
				Base,
			);
			mainGroup = 7D20FC4B24AA4F8D00062AC4;
			productRefGroup = 7D20FC5524AA4F8E00062AC4 /* Products */;
			projectDirPath = "";
			projectRoot = "";
			targets = (
				7D20FC5324AA4F8E00062AC4 /* Carthage-muxstats */,
			);
		};
/* End PBXProject section */

/* Begin PBXResourcesBuildPhase section */
		7D20FC5224AA4F8E00062AC4 /* Resources */ = {
			isa = PBXResourcesBuildPhase;
			buildActionMask = 2147483647;
			files = (
				7D20FC6424AA4F9100062AC4 /* LaunchScreen.storyboard in Resources */,
				7D20FC6124AA4F9100062AC4 /* Assets.xcassets in Resources */,
				7D20FC5F24AA4F8E00062AC4 /* Main.storyboard in Resources */,
			);
			runOnlyForDeploymentPostprocessing = 0;
		};
/* End PBXResourcesBuildPhase section */

/* Begin PBXShellScriptBuildPhase section */
		7D20FC6F24AA545A00062AC4 /* ShellScript */ = {
			isa = PBXShellScriptBuildPhase;
			buildActionMask = 2147483647;
			files = (
			);
			inputFileListPaths = (
			);
			inputPaths = (
				"$(SRCROOT)/Carthage/Build/iOS/MuxCore.framework",
				"$(SRCROOT)/Carthage/Build/iOS/MUXSDKStats.framework",
			);
			outputFileListPaths = (
			);
			outputPaths = (
				"$(BUILT_PRODUCTS_DIR)/$(FRAMEWORKS_FOLDER_PATH)/MuxCore.framework",
				"$(BUILT_PRODUCTS_DIR)/$(FRAMEWORKS_FOLDER_PATH)/MUXSDKStats.framework",
			);
			runOnlyForDeploymentPostprocessing = 0;
			shellPath = /bin/sh;
			shellScript = "/usr/local/bin/carthage copy-frameworks\n";
		};
/* End PBXShellScriptBuildPhase section */

/* Begin PBXSourcesBuildPhase section */
		7D20FC5024AA4F8E00062AC4 /* Sources */ = {
			isa = PBXSourcesBuildPhase;
			buildActionMask = 2147483647;
			files = (
				7D20FC5C24AA4F8E00062AC4 /* ViewController.swift in Sources */,
				7D20FC5824AA4F8E00062AC4 /* AppDelegate.swift in Sources */,
				7D20FC5A24AA4F8E00062AC4 /* SceneDelegate.swift in Sources */,
			);
			runOnlyForDeploymentPostprocessing = 0;
		};
/* End PBXSourcesBuildPhase section */

/* Begin PBXVariantGroup section */
		7D20FC5D24AA4F8E00062AC4 /* Main.storyboard */ = {
			isa = PBXVariantGroup;
			children = (
				7D20FC5E24AA4F8E00062AC4 /* Base */,
			);
			name = Main.storyboard;
			sourceTree = "<group>";
		};
		7D20FC6224AA4F9100062AC4 /* LaunchScreen.storyboard */ = {
			isa = PBXVariantGroup;
			children = (
				7D20FC6324AA4F9100062AC4 /* Base */,
			);
			name = LaunchScreen.storyboard;
			sourceTree = "<group>";
		};
/* End PBXVariantGroup section */

/* Begin XCBuildConfiguration section */
		7D20FC6624AA4F9100062AC4 /* Debug */ = {
			isa = XCBuildConfiguration;
			buildSettings = {
				ALWAYS_SEARCH_USER_PATHS = NO;
				CLANG_ANALYZER_NONNULL = YES;
				CLANG_ANALYZER_NUMBER_OBJECT_CONVERSION = YES_AGGRESSIVE;
				CLANG_CXX_LANGUAGE_STANDARD = "gnu++14";
				CLANG_CXX_LIBRARY = "libc++";
				CLANG_ENABLE_MODULES = YES;
				CLANG_ENABLE_OBJC_ARC = YES;
				CLANG_ENABLE_OBJC_WEAK = YES;
				CLANG_WARN_BLOCK_CAPTURE_AUTORELEASING = YES;
				CLANG_WARN_BOOL_CONVERSION = YES;
				CLANG_WARN_COMMA = YES;
				CLANG_WARN_CONSTANT_CONVERSION = YES;
				CLANG_WARN_DEPRECATED_OBJC_IMPLEMENTATIONS = YES;
				CLANG_WARN_DIRECT_OBJC_ISA_USAGE = YES_ERROR;
				CLANG_WARN_DOCUMENTATION_COMMENTS = YES;
				CLANG_WARN_EMPTY_BODY = YES;
				CLANG_WARN_ENUM_CONVERSION = YES;
				CLANG_WARN_INFINITE_RECURSION = YES;
				CLANG_WARN_INT_CONVERSION = YES;
				CLANG_WARN_NON_LITERAL_NULL_CONVERSION = YES;
				CLANG_WARN_OBJC_IMPLICIT_RETAIN_SELF = YES;
				CLANG_WARN_OBJC_LITERAL_CONVERSION = YES;
				CLANG_WARN_OBJC_ROOT_CLASS = YES_ERROR;
				CLANG_WARN_RANGE_LOOP_ANALYSIS = YES;
				CLANG_WARN_STRICT_PROTOTYPES = YES;
				CLANG_WARN_SUSPICIOUS_MOVE = YES;
				CLANG_WARN_UNGUARDED_AVAILABILITY = YES_AGGRESSIVE;
				CLANG_WARN_UNREACHABLE_CODE = YES;
				CLANG_WARN__DUPLICATE_METHOD_MATCH = YES;
				COPY_PHASE_STRIP = NO;
				DEBUG_INFORMATION_FORMAT = dwarf;
				ENABLE_STRICT_OBJC_MSGSEND = YES;
				ENABLE_TESTABILITY = YES;
				GCC_C_LANGUAGE_STANDARD = gnu11;
				GCC_DYNAMIC_NO_PIC = NO;
				GCC_NO_COMMON_BLOCKS = YES;
				GCC_OPTIMIZATION_LEVEL = 0;
				GCC_PREPROCESSOR_DEFINITIONS = (
					"DEBUG=1",
					"$(inherited)",
				);
				GCC_WARN_64_TO_32_BIT_CONVERSION = YES;
				GCC_WARN_ABOUT_RETURN_TYPE = YES_ERROR;
				GCC_WARN_UNDECLARED_SELECTOR = YES;
				GCC_WARN_UNINITIALIZED_AUTOS = YES_AGGRESSIVE;
				GCC_WARN_UNUSED_FUNCTION = YES;
				GCC_WARN_UNUSED_VARIABLE = YES;
				IPHONEOS_DEPLOYMENT_TARGET = 13.4;
				MTL_ENABLE_DEBUG_INFO = INCLUDE_SOURCE;
				MTL_FAST_MATH = YES;
				ONLY_ACTIVE_ARCH = YES;
				SDKROOT = iphoneos;
				SWIFT_ACTIVE_COMPILATION_CONDITIONS = DEBUG;
				SWIFT_OPTIMIZATION_LEVEL = "-Onone";
			};
			name = Debug;
		};
		7D20FC6724AA4F9100062AC4 /* Release */ = {
			isa = XCBuildConfiguration;
			buildSettings = {
				ALWAYS_SEARCH_USER_PATHS = NO;
				CLANG_ANALYZER_NONNULL = YES;
				CLANG_ANALYZER_NUMBER_OBJECT_CONVERSION = YES_AGGRESSIVE;
				CLANG_CXX_LANGUAGE_STANDARD = "gnu++14";
				CLANG_CXX_LIBRARY = "libc++";
				CLANG_ENABLE_MODULES = YES;
				CLANG_ENABLE_OBJC_ARC = YES;
				CLANG_ENABLE_OBJC_WEAK = YES;
				CLANG_WARN_BLOCK_CAPTURE_AUTORELEASING = YES;
				CLANG_WARN_BOOL_CONVERSION = YES;
				CLANG_WARN_COMMA = YES;
				CLANG_WARN_CONSTANT_CONVERSION = YES;
				CLANG_WARN_DEPRECATED_OBJC_IMPLEMENTATIONS = YES;
				CLANG_WARN_DIRECT_OBJC_ISA_USAGE = YES_ERROR;
				CLANG_WARN_DOCUMENTATION_COMMENTS = YES;
				CLANG_WARN_EMPTY_BODY = YES;
				CLANG_WARN_ENUM_CONVERSION = YES;
				CLANG_WARN_INFINITE_RECURSION = YES;
				CLANG_WARN_INT_CONVERSION = YES;
				CLANG_WARN_NON_LITERAL_NULL_CONVERSION = YES;
				CLANG_WARN_OBJC_IMPLICIT_RETAIN_SELF = YES;
				CLANG_WARN_OBJC_LITERAL_CONVERSION = YES;
				CLANG_WARN_OBJC_ROOT_CLASS = YES_ERROR;
				CLANG_WARN_RANGE_LOOP_ANALYSIS = YES;
				CLANG_WARN_STRICT_PROTOTYPES = YES;
				CLANG_WARN_SUSPICIOUS_MOVE = YES;
				CLANG_WARN_UNGUARDED_AVAILABILITY = YES_AGGRESSIVE;
				CLANG_WARN_UNREACHABLE_CODE = YES;
				CLANG_WARN__DUPLICATE_METHOD_MATCH = YES;
				COPY_PHASE_STRIP = NO;
				DEBUG_INFORMATION_FORMAT = "dwarf-with-dsym";
				ENABLE_NS_ASSERTIONS = NO;
				ENABLE_STRICT_OBJC_MSGSEND = YES;
				GCC_C_LANGUAGE_STANDARD = gnu11;
				GCC_NO_COMMON_BLOCKS = YES;
				GCC_WARN_64_TO_32_BIT_CONVERSION = YES;
				GCC_WARN_ABOUT_RETURN_TYPE = YES_ERROR;
				GCC_WARN_UNDECLARED_SELECTOR = YES;
				GCC_WARN_UNINITIALIZED_AUTOS = YES_AGGRESSIVE;
				GCC_WARN_UNUSED_FUNCTION = YES;
				GCC_WARN_UNUSED_VARIABLE = YES;
				IPHONEOS_DEPLOYMENT_TARGET = 13.4;
				MTL_ENABLE_DEBUG_INFO = NO;
				MTL_FAST_MATH = YES;
				SDKROOT = iphoneos;
				SWIFT_COMPILATION_MODE = wholemodule;
				SWIFT_OPTIMIZATION_LEVEL = "-O";
				VALIDATE_PRODUCT = YES;
			};
			name = Release;
		};
		7D20FC6924AA4F9100062AC4 /* Debug */ = {
			isa = XCBuildConfiguration;
			buildSettings = {
				ASSETCATALOG_COMPILER_APPICON_NAME = AppIcon;
				CODE_SIGN_STYLE = Automatic;
				DEVELOPMENT_TEAM = 2HBB3G8HCG;
				FRAMEWORK_SEARCH_PATHS = (
					"$(inherited)",
					"$(PROJECT_DIR)/Carthage/Build/iOS",
				);
				INFOPLIST_FILE = "Carthage-muxstats/Info.plist";
				LD_RUNPATH_SEARCH_PATHS = (
					"$(inherited)",
					"@executable_path/Frameworks",
				);
				PRODUCT_BUNDLE_IDENTIFIER = "com-borkware.Carthage-muxstats";
				PRODUCT_NAME = "$(TARGET_NAME)";
				SWIFT_VERSION = 5.0;
				TARGETED_DEVICE_FAMILY = "1,2";
			};
			name = Debug;
		};
		7D20FC6A24AA4F9100062AC4 /* Release */ = {
			isa = XCBuildConfiguration;
			buildSettings = {
				ASSETCATALOG_COMPILER_APPICON_NAME = AppIcon;
				CODE_SIGN_STYLE = Automatic;
				DEVELOPMENT_TEAM = 2HBB3G8HCG;
				FRAMEWORK_SEARCH_PATHS = (
					"$(inherited)",
					"$(PROJECT_DIR)/Carthage/Build/iOS",
				);
				INFOPLIST_FILE = "Carthage-muxstats/Info.plist";
				LD_RUNPATH_SEARCH_PATHS = (
					"$(inherited)",
					"@executable_path/Frameworks",
				);
				PRODUCT_BUNDLE_IDENTIFIER = "com-borkware.Carthage-muxstats";
				PRODUCT_NAME = "$(TARGET_NAME)";
				SWIFT_VERSION = 5.0;
				TARGETED_DEVICE_FAMILY = "1,2";
			};
			name = Release;
		};
/* End XCBuildConfiguration section */

/* Begin XCConfigurationList section */
		7D20FC4F24AA4F8D00062AC4 /* Build configuration list for PBXProject "Carthage-muxstats" */ = {
			isa = XCConfigurationList;
			buildConfigurations = (
				7D20FC6624AA4F9100062AC4 /* Debug */,
				7D20FC6724AA4F9100062AC4 /* Release */,
			);
			defaultConfigurationIsVisible = 0;
			defaultConfigurationName = Release;
		};
		7D20FC6824AA4F9100062AC4 /* Build configuration list for PBXNativeTarget "Carthage-muxstats" */ = {
			isa = XCConfigurationList;
			buildConfigurations = (
				7D20FC6924AA4F9100062AC4 /* Debug */,
				7D20FC6A24AA4F9100062AC4 /* Release */,
			);
			defaultConfigurationIsVisible = 0;
			defaultConfigurationName = Release;
		};
/* End XCConfigurationList section */
	};
	rootObject = 7D20FC4C24AA4F8D00062AC4 /* Project object */;
}
